
Microsoft Visual Studio Solution File, Format Version 12.00
# Visual Studio 14
VisualStudioVersion = 14.0.25420.1
MinimumVisualStudioVersion = 10.0.40219.1
Project("{FAE04EC0-301F-11D3-BF4B-00C04F79EFBC}") = "ClassHosp", "ClassHosp\ClassHosp.csproj", "{BC2A5D26-0AA9-4B25-9BA3-75DD24ADE63A}"
EndProject
Project("{FAE04EC0-301F-11D3-BF4B-00C04F79EFBC}") = "Cama", "Cama\Cama.csproj", "{50BBD5C2-0E98-4578-8261-873D36B9C63A}"
EndProject
Global
	GlobalSection(SolutionConfigurationPlatforms) = preSolution
		Debug|Any CPU = Debug|Any CPU
		Release|Any CPU = Release|Any CPU
	EndGlobalSection
	GlobalSection(ProjectConfigurationPlatforms) = postSolution
		{BC2A5D26-0AA9-4B25-9BA3-75DD24ADE63A}.Debug|Any CPU.ActiveCfg = Debug|Any CPU
		{BC2A5D26-0AA9-4B25-9BA3-75DD24ADE63A}.Debug|Any CPU.Build.0 = Debug|Any CPU
		{BC2A5D26-0AA9-4B25-9BA3-75DD24ADE63A}.Release|Any CPU.ActiveCfg = Release|Any CPU
		{BC2A5D26-0AA9-4B25-9BA3-75DD24ADE63A}.Release|Any CPU.Build.0 = Release|Any CPU
		{50BBD5C2-0E98-4578-8261-873D36B9C63A}.Debug|Any CPU.ActiveCfg = Debug|Any CPU
		{50BBD5C2-0E98-4578-8261-873D36B9C63A}.Debug|Any CPU.Build.0 = Debug|Any CPU
		{50BBD5C2-0E98-4578-8261-873D36B9C63A}.Release|Any CPU.ActiveCfg = Release|Any CPU
		{50BBD5C2-0E98-4578-8261-873D36B9C63A}.Release|Any CPU.Build.0 = Release|Any CPU
	EndGlobalSection
	GlobalSection(SolutionProperties) = preSolution
		HideSolutionNode = FALSE
	EndGlobalSection
EndGlobal
